{
  "name": "docker-redis-cluster",
  "version": "1.0.0",
  "lockfileVersion": 1,
  "requires": true,
  "dependencies": {
    "cluster-key-slot": {
      "version": "1.0.12",
      "resolved": "https://registry.npmjs.org/cluster-key-slot/-/cluster-key-slot-1.0.12.tgz",
      "integrity": "sha512-21O0kGmvED5OJ7ZTdqQ5lQQ+sjuez33R+d35jZKLwqUb5mqcPHUsxOSzj61+LHVtxGZd1kShbQM3MjB/gBJkVg=="
    },
    "denque": {
      "version": "1.4.0",
      "resolved": "https://registry.npmjs.org/denque/-/denque-1.4.0.tgz",
      "integrity": "sha512-gh513ac7aiKrAgjiIBWZG0EASyDF9p4JMWwKA8YU5s9figrL5SRNEMT6FDynsegakuhWd1wVqTvqvqAoDxw7wQ=="
    },
    "double-ended-queue": {
      "version": "2.1.0-0",
      "resolved": "https://registry.npmjs.org/double-ended-queue/-/double-ended-queue-2.1.0-0.tgz",
      "integrity": "sha1-ED01J/0xUo9AGIEwyEHv3XgmTlw="
    },
    "fsp-eagle": {
      "version": "1.0.1",
      "resolved": "https://registry.npmjs.org/fsp-eagle/-/fsp-eagle-1.0.1.tgz",
      "integrity": "sha512-Bj1kezraXyEytLp8R5G028mwAY8C2UAzCSNLoANWhvl74WxLZKkHhlan8weSWfZzD66B8KkZ1Li0os6F7X1O5g=="
    },
    "json2yaml": {
      "version": "1.1.0",
      "resolved": "https://registry.npmjs.org/json2yaml/-/json2yaml-1.1.0.tgz",
      "integrity": "sha1-VBTZB/mBZYa4DFE+wuOusquBmmw=",
      "requires": {
        "remedial": "1.0.8"
      }
    },
    "nan": {
      "version": "2.11.1",
      "resolved": "https://registry.npmjs.org/nan/-/nan-2.11.1.tgz",
      "integrity": "sha512-iji6k87OSXa0CcrLl9z+ZiYSuR2o+c0bGuNmXdrhTQTakxytAFsC56SArGYoiHlJlFoHSnvmhpceZJaXkVuOtA==",
      "optional": true
    },
    "redis": {
      "version": "2.8.0",
      "resolved": "https://registry.npmjs.org/redis/-/redis-2.8.0.tgz",
      "integrity": "sha512-M1OkonEQwtRmZv4tEWF2VgpG0JWJ8Fv1PhlgT5+B+uNq2cA3Rt1Yt/ryoR+vQNOQcIEgdCdfH0jr3bDpihAw1A==",
      "requires": {
        "double-ended-queue": "2.1.0-0",
        "redis-commands": "1.4.0",
        "redis-parser": "2.6.0"
      }
    },
    "redis-cluster": {
      "version": "0.0.8",
      "resolved": "https://registry.npmjs.org/redis-cluster/-/redis-cluster-0.0.8.tgz",
      "integrity": "sha1-oEmOud8k9AJPURvvXCMNffAKUj0=",
      "requires": {
        "redis": "0.8.6",
        "redis-fast-driver": "2.1.2"
      },
      "dependencies": {
        "redis": {
          "version": "0.8.6",
          "resolved": "https://registry.npmjs.org/redis/-/redis-0.8.6.tgz",
          "integrity": "sha1-p66PDW+tJL3q/+KBWNbNHxydMLg="
        }
      }
    },
    "redis-clustr": {
      "version": "1.6.0",
      "resolved": "https://registry.npmjs.org/redis-clustr/-/redis-clustr-1.6.0.tgz",
      "integrity": "sha512-a7pt7y8qLCHUPIHB2nprQfprkrYUrzpdxkzmNIaJAwCrdn5wJPDaDr6j+2EAZoMfXYMiwxehPOCFLgi8Z171mw==",
      "requires": {
        "cluster-key-slot": "1.0.12",
        "denque": "1.4.0",
        "redis": "2.8.0"
      }
    },
    "redis-commands": {
      "version": "1.4.0",
      "resolved": "https://registry.npmjs.org/redis-commands/-/redis-commands-1.4.0.tgz",
      "integrity": "sha512-cu8EF+MtkwI4DLIT0x9P8qNTLFhQD4jLfxLR0cCNkeGzs87FN6879JOJwNQR/1zD7aSYNbU0hgsV9zGY71Itvw=="
    },
    "redis-fast-driver": {
      "version": "2.1.2",
      "resolved": "https://registry.npmjs.org/redis-fast-driver/-/redis-fast-driver-2.1.2.tgz",
      "integrity": "sha512-3buu2GU39yuTrxcV6slnSh/ZCOUqJAdtWeBQrUZEPGLC8ZCy0yr9z4Vl9l03u5uz6HJ6axjRWgxya3RkDOrelw==",
      "optional": true,
      "requires": {
        "nan": "2.11.1"
      }
    },
    "redis-parser": {
      "version": "2.6.0",
      "resolved": "https://registry.npmjs.org/redis-parser/-/redis-parser-2.6.0.tgz",
      "integrity": "sha1-Uu0J2srBCPGmMcB+m2mUHnoZUEs="
    },
    "remedial": {
      "version": "1.0.8",
      "resolved": "https://registry.npmjs.org/remedial/-/remedial-1.0.8.tgz",
      "integrity": "sha512-/62tYiOe6DzS5BqVsNpH/nkGlX45C/Sp6V+NtiN6JQNS1Viay7cWkazmRkrQrdFj2eshDe96SIQNIoMxqhzBOg=="
    }
  }
}
